
Microsoft Visual Studio Solution File, Format Version 12.00
# Visual Studio Version 16
VisualStudioVersion = 16.0.31321.278
MinimumVisualStudioVersion = 10.0.40219.1
Project("{FAE04EC0-301F-11D3-BF4B-00C04F79EFBC}") = "ExFixacao_Metodos_Abstratos", "ExFixacao_Metodos_Abstratos\ExFixacao_Metodos_Abstratos.csproj", "{B23EF720-AA98-4AB1-AB5E-560A872E73B3}"
EndProject
Global
	GlobalSection(SolutionConfigurationPlatforms) = preSolution
		Debug|Any CPU = Debug|Any CPU
		Release|Any CPU = Release|Any CPU
	EndGlobalSection
	GlobalSection(ProjectConfigurationPlatforms) = postSolution
		{B23EF720-AA98-4AB1-AB5E-560A872E73B3}.Debug|Any CPU.ActiveCfg = Debug|Any CPU
		{B23EF720-AA98-4AB1-AB5E-560A872E73B3}.Debug|Any CPU.Build.0 = Debug|Any CPU
		{B23EF720-AA98-4AB1-AB5E-560A872E73B3}.Release|Any CPU.ActiveCfg = Release|Any CPU
		{B23EF720-AA98-4AB1-AB5E-560A872E73B3}.Release|Any CPU.Build.0 = Release|Any CPU
	EndGlobalSection
	GlobalSection(SolutionProperties) = preSolution
		HideSolutionNode = FALSE
	EndGlobalSection
	GlobalSection(ExtensibilityGlobals) = postSolution
		SolutionGuid = {ED3AE879-669F-4FA7-903C-41933D1C75AC}
	EndGlobalSection
EndGlobal
