
Microsoft Visual Studio Solution File, Format Version 12.00
# Visual Studio Version 16
VisualStudioVersion = 16.0.31229.75
MinimumVisualStudioVersion = 10.0.40219.1
Project("{FAE04EC0-301F-11D3-BF4B-00C04F79EFBC}") = "Entrada_de_dados-parte_02", "Entrada_de_dados-parte_02\Entrada_de_dados-parte_02.csproj", "{9E362DA7-DF7A-420F-A0A9-3575E06906C4}"
EndProject
Global
	GlobalSection(SolutionConfigurationPlatforms) = preSolution
		Debug|Any CPU = Debug|Any CPU
		Release|Any CPU = Release|Any CPU
	EndGlobalSection
	GlobalSection(ProjectConfigurationPlatforms) = postSolution
		{9E362DA7-DF7A-420F-A0A9-3575E06906C4}.Debug|Any CPU.ActiveCfg = Debug|Any CPU
		{9E362DA7-DF7A-420F-A0A9-3575E06906C4}.Debug|Any CPU.Build.0 = Debug|Any CPU
		{9E362DA7-DF7A-420F-A0A9-3575E06906C4}.Release|Any CPU.ActiveCfg = Release|Any CPU
		{9E362DA7-DF7A-420F-A0A9-3575E06906C4}.Release|Any CPU.Build.0 = Release|Any CPU
	EndGlobalSection
	GlobalSection(SolutionProperties) = preSolution
		HideSolutionNode = FALSE
	EndGlobalSection
	GlobalSection(ExtensibilityGlobals) = postSolution
		SolutionGuid = {049F108E-4F0C-4BB6-B0AA-AB5B223AA063}
	EndGlobalSection
EndGlobal
