
Microsoft Visual Studio Solution File, Format Version 12.00
# Visual Studio Version 16
VisualStudioVersion = 16.0.31313.79
MinimumVisualStudioVersion = 10.0.40219.1
Project("{FAE04EC0-301F-11D3-BF4B-00C04F79EFBC}") = "ExFixação-04", "ExFixação-04\ExFixação-04.csproj", "{DC68DA75-8EBE-4EAE-93C0-302D61D76122}"
EndProject
Global
	GlobalSection(SolutionConfigurationPlatforms) = preSolution
		Debug|Any CPU = Debug|Any CPU
		Release|Any CPU = Release|Any CPU
	EndGlobalSection
	GlobalSection(ProjectConfigurationPlatforms) = postSolution
		{DC68DA75-8EBE-4EAE-93C0-302D61D76122}.Debug|Any CPU.ActiveCfg = Debug|Any CPU
		{DC68DA75-8EBE-4EAE-93C0-302D61D76122}.Debug|Any CPU.Build.0 = Debug|Any CPU
		{DC68DA75-8EBE-4EAE-93C0-302D61D76122}.Release|Any CPU.ActiveCfg = Release|Any CPU
		{DC68DA75-8EBE-4EAE-93C0-302D61D76122}.Release|Any CPU.Build.0 = Release|Any CPU
	EndGlobalSection
	GlobalSection(SolutionProperties) = preSolution
		HideSolutionNode = FALSE
	EndGlobalSection
	GlobalSection(ExtensibilityGlobals) = postSolution
		SolutionGuid = {20868A0D-3F01-4670-926D-D5A649928C2B}
	EndGlobalSection
EndGlobal
