
Microsoft Visual Studio Solution File, Format Version 12.00
# Visual Studio Version 16
VisualStudioVersion = 16.0.31229.75
MinimumVisualStudioVersion = 10.0.40219.1
Project("{FAE04EC0-301F-11D3-BF4B-00C04F79EFBC}") = "Exercício02_Aula01", "Exercício02_Aula01\Exercício02_Aula01.csproj", "{5D159D24-2601-42A9-BBB3-AE5259AE10A9}"
EndProject
Global
	GlobalSection(SolutionConfigurationPlatforms) = preSolution
		Debug|Any CPU = Debug|Any CPU
		Release|Any CPU = Release|Any CPU
	EndGlobalSection
	GlobalSection(ProjectConfigurationPlatforms) = postSolution
		{5D159D24-2601-42A9-BBB3-AE5259AE10A9}.Debug|Any CPU.ActiveCfg = Debug|Any CPU
		{5D159D24-2601-42A9-BBB3-AE5259AE10A9}.Debug|Any CPU.Build.0 = Debug|Any CPU
		{5D159D24-2601-42A9-BBB3-AE5259AE10A9}.Release|Any CPU.ActiveCfg = Release|Any CPU
		{5D159D24-2601-42A9-BBB3-AE5259AE10A9}.Release|Any CPU.Build.0 = Release|Any CPU
	EndGlobalSection
	GlobalSection(SolutionProperties) = preSolution
		HideSolutionNode = FALSE
	EndGlobalSection
	GlobalSection(ExtensibilityGlobals) = postSolution
		SolutionGuid = {113AFF87-BAF7-4436-B193-51E981BE8B05}
	EndGlobalSection
EndGlobal
